{
  "meteor": {},
  "dependencies": {
    "basePackages": {
      "bootstrap3-wysihtml5": {}
    },
    "packages": {
      "bootstrap3-wysihtml5": {
        "git": "https://github.com/andreioprisan/meteor-bootstrap3-wysihtml5.git",
        "tag": "v0.3.3",
        "commit": "251d564c3eb5b5b7a89a3e3e63f58633e0816332"
      }
    }
  }
}
